PODS:
  - BPCommon (0.3.6):
    - Kingfisher (~> 5.7)
    - ObjectMapper
  - Kingfisher (5.15.8):
    - Kingfisher/Core (= 5.15.8)
  - Kingfisher/Core (5.15.8)
  - ObjectMapper (4.2.0)

DEPENDENCIES:
  - BPCommon (from `../`)

SPEC REPOS:
  trunk:
    - Kingfisher
    - ObjectMapper

EXTERNAL SOURCES:
  BPCommon:
    :path: "../"

SPEC CHECKSUMS:
  BPCommon: a7eb60d589545a07ed6f8f9101a4718871ed0a1f
  Kingfisher: a3c03d702433fa6cfedabb2bddbe076fb8f2e902
  ObjectMapper: 1eb41f610210777375fa806bf161dc39fb832b81

PODFILE CHECKSUM: 16f00af707075dc45713575835f43f5d9811942a

COCOAPODS: 1.11.2
