PODS:
  - BPCommon (0.3.2):
    - BPFile
    - Kingfisher (~> 5.7)
    - ObjectMapper
  - BPFile (0.3.0)
  - Kingfisher (5.15.8):
    - Kingfisher/Core (= 5.15.8)
  - Kingfisher/Core (5.15.8)
  - ObjectMapper (4.2.0)

DEPENDENCIES:
  - BPCommon (from `../`)

SPEC REPOS:
  https://github.com/BPModels/BPSpecs.git:
    - BPFile
  trunk:
    - Kingfisher
    - ObjectMapper

EXTERNAL SOURCES:
  BPCommon:
    :path: "../"

SPEC CHECKSUMS:
  BPCommon: 05a3b2c66d0bec97b4bcdcb09eb95551430a712c
  BPFile: 590f1bd068034d220e360f2a8831481d8512ff59
  Kingfisher: a3c03d702433fa6cfedabb2bddbe076fb8f2e902
  ObjectMapper: 1eb41f610210777375fa806bf161dc39fb832b81

PODFILE CHECKSUM: 16f00af707075dc45713575835f43f5d9811942a

COCOAPODS: 1.10.1
